
Microsoft Visual Studio Solution File, Format Version 12.00
# Visual Studio Version 17
VisualStudioVersion = 17.9.34714.143
MinimumVisualStudioVersion = 10.0.40219.1
Project("{9A19103F-16F7-4668-BE54-9A1E7A4F7556}") = "Lista02", "Lista02\Lista02.csproj", "{E3DDC1D6-2836-467A-B061-4C8BCE32902D}"
EndProject
Global
	GlobalSection(SolutionConfigurationPlatforms) = preSolution
		Debug|Any CPU = Debug|Any CPU
		Release|Any CPU = Release|Any CPU
	EndGlobalSection
	GlobalSection(ProjectConfigurationPlatforms) = postSolution
		{E3DDC1D6-2836-467A-B061-4C8BCE32902D}.Debug|Any CPU.ActiveCfg = Debug|Any CPU
		{E3DDC1D6-2836-467A-B061-4C8BCE32902D}.Debug|Any CPU.Build.0 = Debug|Any CPU
		{E3DDC1D6-2836-467A-B061-4C8BCE32902D}.Release|Any CPU.ActiveCfg = Release|Any CPU
		{E3DDC1D6-2836-467A-B061-4C8BCE32902D}.Release|Any CPU.Build.0 = Release|Any CPU
	EndGlobalSection
	GlobalSection(SolutionProperties) = preSolution
		HideSolutionNode = FALSE
	EndGlobalSection
	GlobalSection(ExtensibilityGlobals) = postSolution
		SolutionGuid = {0B00BEC6-BE63-4754-8AD8-EFE3C3890FDC}
	EndGlobalSection
EndGlobal
